
Microsoft Visual Studio Solution File, Format Version 12.00
# Visual Studio 15
Project("{FAE04EC0-301F-11D3-BF4B-00C04F79EFBC}") = "Twilio.Video.iOS", "Twilio.Video.iOS.csproj", "{A9879158-3156-42C7-BFBD-9B65E50A5F92}"
EndProject
Global
	GlobalSection(SolutionConfigurationPlatforms) = preSolution
		Debug|Any CPU = Debug|Any CPU
		Release|Any CPU = Release|Any CPU
	EndGlobalSection
	GlobalSection(ProjectConfigurationPlatforms) = postSolution
		{A9879158-3156-42C7-BFBD-9B65E50A5F92}.Debug|Any CPU.ActiveCfg = Debug|Any CPU
		{A9879158-3156-42C7-BFBD-9B65E50A5F92}.Debug|Any CPU.Build.0 = Debug|Any CPU
		{A9879158-3156-42C7-BFBD-9B65E50A5F92}.Release|Any CPU.ActiveCfg = Release|Any CPU
		{A9879158-3156-42C7-BFBD-9B65E50A5F92}.Release|Any CPU.Build.0 = Release|Any CPU
	EndGlobalSection
EndGlobal
